
Microsoft Visual Studio Solution File, Format Version 12.00
# Visual Studio Version 17
VisualStudioVersion = 17.4.33205.214
MinimumVisualStudioVersion = 10.0.40219.1
Project("{FAE04EC0-301F-11D3-BF4B-00C04F79EFBC}") = "MVCDocker", "MVCDocker.csproj", "{4665665C-287E-486E-965A-597FFC50B934}"
EndProject
Global
	GlobalSection(SolutionConfigurationPlatforms) = preSolution
		Debug|Any CPU = Debug|Any CPU
		Release|Any CPU = Release|Any CPU
	EndGlobalSection
	GlobalSection(ProjectConfigurationPlatforms) = postSolution
		{4665665C-287E-486E-965A-597FFC50B934}.Debug|Any CPU.ActiveCfg = Debug|Any CPU
		{4665665C-287E-486E-965A-597FFC50B934}.Debug|Any CPU.Build.0 = Debug|Any CPU
		{4665665C-287E-486E-965A-597FFC50B934}.Release|Any CPU.ActiveCfg = Release|Any CPU
		{4665665C-287E-486E-965A-597FFC50B934}.Release|Any CPU.Build.0 = Release|Any CPU
	EndGlobalSection
	GlobalSection(SolutionProperties) = preSolution
		HideSolutionNode = FALSE
	EndGlobalSection
	GlobalSection(ExtensibilityGlobals) = postSolution
		SolutionGuid = {6B7B1F8C-5025-464F-86A9-972234B0665C}
	EndGlobalSection
EndGlobal
